
Microsoft Visual Studio Solution File, Format Version 12.00
# Visual Studio Version 16
VisualStudioVersion = 16.0.31613.86
MinimumVisualStudioVersion = 10.0.40219.1
Project("{FAE04EC0-301F-11D3-BF4B-00C04F79EFBC}") = "VideoClubManagement", "VideoClubManagement\VideoClubManagement.csproj", "{3677FA7A-E7D1-4846-8613-33E9BFDFA45C}"
EndProject
Global
	GlobalSection(SolutionConfigurationPlatforms) = preSolution
		Debug|Any CPU = Debug|Any CPU
		Release|Any CPU = Release|Any CPU
	EndGlobalSection
	GlobalSection(ProjectConfigurationPlatforms) = postSolution
		{3677FA7A-E7D1-4846-8613-33E9BFDFA45C}.Debug|Any CPU.ActiveCfg = Debug|Any CPU
		{3677FA7A-E7D1-4846-8613-33E9BFDFA45C}.Debug|Any CPU.Build.0 = Debug|Any CPU
		{3677FA7A-E7D1-4846-8613-33E9BFDFA45C}.Release|Any CPU.ActiveCfg = Release|Any CPU
		{3677FA7A-E7D1-4846-8613-33E9BFDFA45C}.Release|Any CPU.Build.0 = Release|Any CPU
	EndGlobalSection
	GlobalSection(SolutionProperties) = preSolution
		HideSolutionNode = FALSE
	EndGlobalSection
	GlobalSection(ExtensibilityGlobals) = postSolution
		SolutionGuid = {38CC7FE1-FE7F-405B-AF5A-510BC8603DF1}
	EndGlobalSection
EndGlobal
